
Microsoft Visual Studio Solution File, Format Version 12.00
# Visual Studio Version 16
VisualStudioVersion = 16.0.28803.202
MinimumVisualStudioVersion = 10.0.40219.1
Project("{FAE04EC0-301F-11D3-BF4B-00C04F79EFBC}") = "Lab32", "Lab32\Lab32.csproj", "{9A664211-936B-476C-A34A-65468858CCB0}"
EndProject
Global
	GlobalSection(SolutionConfigurationPlatforms) = preSolution
		Debug|Any CPU = Debug|Any CPU
		Release|Any CPU = Release|Any CPU
	EndGlobalSection
	GlobalSection(ProjectConfigurationPlatforms) = postSolution
		{9A664211-936B-476C-A34A-65468858CCB0}.Debug|Any CPU.ActiveCfg = Debug|Any CPU
		{9A664211-936B-476C-A34A-65468858CCB0}.Debug|Any CPU.Build.0 = Debug|Any CPU
		{9A664211-936B-476C-A34A-65468858CCB0}.Release|Any CPU.ActiveCfg = Release|Any CPU
		{9A664211-936B-476C-A34A-65468858CCB0}.Release|Any CPU.Build.0 = Release|Any CPU
	EndGlobalSection
	GlobalSection(SolutionProperties) = preSolution
		HideSolutionNode = FALSE
	EndGlobalSection
	GlobalSection(ExtensibilityGlobals) = postSolution
		SolutionGuid = {F32B7E30-E59B-4B88-B7C6-01A40528E737}
	EndGlobalSection
EndGlobal
